# THIS IS AN AUTOGENERATED FILE. DO NOT EDIT THIS FILE DIRECTLY.
# yarn lockfile v1


myzod@^1.7.4:
  version "1.7.4"
  resolved "https://registry.yarnpkg.com/myzod/-/myzod-1.7.4.tgz#fae582fb69fdb60e1fbab23e2e27fb1dc842dde7"
  integrity sha512-ohD+gpjLAMmY5uwDzHZRMtdo7A4VX2QbJBxFeF139U9WWsH+15yHD3mRI6QYdAMek8Sd6o5qjz0r4G5HVEJQXA==

typescript@^4.3.2:
  version "4.3.2"
  resolved "https://registry.yarnpkg.com/typescript/-/typescript-4.3.2.tgz#399ab18aac45802d6f2498de5054fcbbe716a805"
  integrity sha512-zZ4hShnmnoVnAHpVHWpTcxdv7dWP60S2FsydQLV8V5PbS3FifjWFFRiHSWpDJahly88PRyV5teTSLoq4eG7mKw==
